PODS:
  - Kingfisher (5.3.1)
  - ObjectMapper (3.4.2)
  - SVProgressHUD (2.2.5)
  - SwiftyJSON (4.3.0)

DEPENDENCIES:
  - Kingfisher
  - ObjectMapper
  - SVProgressHUD
  - SwiftyJSON

SPEC REPOS:
  https://github.com/cocoapods/specs.git:
    - Kingfisher
    - ObjectMapper
    - SVProgressHUD
    - SwiftyJSON

SPEC CHECKSUMS:
  Kingfisher: d9e7e0b209b59b8f9873aa2f37654e81a7beea51
  ObjectMapper: 0d4402610f4e468903ae64629eec4784531e5c51
  SVProgressHUD: 1428aafac632c1f86f62aa4243ec12008d7a51d6
  SwiftyJSON: 6faa0040f8b59dead0ee07436cbf76b73c08fd08

PODFILE CHECKSUM: 43138442450cac000406cd146a2ab0fa1b6b45fd

COCOAPODS: 1.5.3
